
Microsoft Visual Studio Solution File, Format Version 12.00
# Visual Studio 15
VisualStudioVersion = 15.0.26124.0
MinimumVisualStudioVersion = 15.0.26124.0
Project("{FAE04EC0-301F-11D3-BF4B-00C04F79EFBC}") = "PaymentContext.Domain", "PaymentContext.Domain\PaymentContext.Domain.csproj", "{826073D4-E0B8-452C-8D7F-EE1D39C68CB2}"
EndProject
Project("{FAE04EC0-301F-11D3-BF4B-00C04F79EFBC}") = "PaymentContext.Shared", "PaymentContext.Shared\PaymentContext.Shared.csproj", "{913FE59B-FC5C-47BA-9705-7FD313C6A657}"
EndProject
Project("{FAE04EC0-301F-11D3-BF4B-00C04F79EFBC}") = "PaymentContext.Tests", "PaymentContext.Tests\PaymentContext.Tests.csproj", "{DD6CD53C-616F-41E8-8004-90AE745866E0}"
EndProject
Global
	GlobalSection(SolutionConfigurationPlatforms) = preSolution
		Debug|Any CPU = Debug|Any CPU
		Debug|x64 = Debug|x64
		Debug|x86 = Debug|x86
		Release|Any CPU = Release|Any CPU
		Release|x64 = Release|x64
		Release|x86 = Release|x86
	EndGlobalSection
	GlobalSection(SolutionProperties) = preSolution
		HideSolutionNode = FALSE
	EndGlobalSection
	GlobalSection(ProjectConfigurationPlatforms) = postSolution
		{826073D4-E0B8-452C-8D7F-EE1D39C68CB2}.Debug|Any CPU.ActiveCfg = Debug|Any CPU
		{826073D4-E0B8-452C-8D7F-EE1D39C68CB2}.Debug|Any CPU.Build.0 = Debug|Any CPU
		{826073D4-E0B8-452C-8D7F-EE1D39C68CB2}.Debug|x64.ActiveCfg = Debug|Any CPU
		{826073D4-E0B8-452C-8D7F-EE1D39C68CB2}.Debug|x64.Build.0 = Debug|Any CPU
		{826073D4-E0B8-452C-8D7F-EE1D39C68CB2}.Debug|x86.ActiveCfg = Debug|Any CPU
		{826073D4-E0B8-452C-8D7F-EE1D39C68CB2}.Debug|x86.Build.0 = Debug|Any CPU
		{826073D4-E0B8-452C-8D7F-EE1D39C68CB2}.Release|Any CPU.ActiveCfg = Release|Any CPU
		{826073D4-E0B8-452C-8D7F-EE1D39C68CB2}.Release|Any CPU.Build.0 = Release|Any CPU
		{826073D4-E0B8-452C-8D7F-EE1D39C68CB2}.Release|x64.ActiveCfg = Release|Any CPU
		{826073D4-E0B8-452C-8D7F-EE1D39C68CB2}.Release|x64.Build.0 = Release|Any CPU
		{826073D4-E0B8-452C-8D7F-EE1D39C68CB2}.Release|x86.ActiveCfg = Release|Any CPU
		{826073D4-E0B8-452C-8D7F-EE1D39C68CB2}.Release|x86.Build.0 = Release|Any CPU
		{913FE59B-FC5C-47BA-9705-7FD313C6A657}.Debug|Any CPU.ActiveCfg = Debug|Any CPU
		{913FE59B-FC5C-47BA-9705-7FD313C6A657}.Debug|Any CPU.Build.0 = Debug|Any CPU
		{913FE59B-FC5C-47BA-9705-7FD313C6A657}.Debug|x64.ActiveCfg = Debug|Any CPU
		{913FE59B-FC5C-47BA-9705-7FD313C6A657}.Debug|x64.Build.0 = Debug|Any CPU
		{913FE59B-FC5C-47BA-9705-7FD313C6A657}.Debug|x86.ActiveCfg = Debug|Any CPU
		{913FE59B-FC5C-47BA-9705-7FD313C6A657}.Debug|x86.Build.0 = Debug|Any CPU
		{913FE59B-FC5C-47BA-9705-7FD313C6A657}.Release|Any CPU.ActiveCfg = Release|Any CPU
		{913FE59B-FC5C-47BA-9705-7FD313C6A657}.Release|Any CPU.Build.0 = Release|Any CPU
		{913FE59B-FC5C-47BA-9705-7FD313C6A657}.Release|x64.ActiveCfg = Release|Any CPU
		{913FE59B-FC5C-47BA-9705-7FD313C6A657}.Release|x64.Build.0 = Release|Any CPU
		{913FE59B-FC5C-47BA-9705-7FD313C6A657}.Release|x86.ActiveCfg = Release|Any CPU
		{913FE59B-FC5C-47BA-9705-7FD313C6A657}.Release|x86.Build.0 = Release|Any CPU
		{DD6CD53C-616F-41E8-8004-90AE745866E0}.Debug|Any CPU.ActiveCfg = Debug|Any CPU
		{DD6CD53C-616F-41E8-8004-90AE745866E0}.Debug|Any CPU.Build.0 = Debug|Any CPU
		{DD6CD53C-616F-41E8-8004-90AE745866E0}.Debug|x64.ActiveCfg = Debug|Any CPU
		{DD6CD53C-616F-41E8-8004-90AE745866E0}.Debug|x64.Build.0 = Debug|Any CPU
		{DD6CD53C-616F-41E8-8004-90AE745866E0}.Debug|x86.ActiveCfg = Debug|Any CPU
		{DD6CD53C-616F-41E8-8004-90AE745866E0}.Debug|x86.Build.0 = Debug|Any CPU
		{DD6CD53C-616F-41E8-8004-90AE745866E0}.Release|Any CPU.ActiveCfg = Release|Any CPU
		{DD6CD53C-616F-41E8-8004-90AE745866E0}.Release|Any CPU.Build.0 = Release|Any CPU
		{DD6CD53C-616F-41E8-8004-90AE745866E0}.Release|x64.ActiveCfg = Release|Any CPU
		{DD6CD53C-616F-41E8-8004-90AE745866E0}.Release|x64.Build.0 = Release|Any CPU
		{DD6CD53C-616F-41E8-8004-90AE745866E0}.Release|x86.ActiveCfg = Release|Any CPU
		{DD6CD53C-616F-41E8-8004-90AE745866E0}.Release|x86.Build.0 = Release|Any CPU
	EndGlobalSection
EndGlobal
